{
  "requires": true,
  "lockfileVersion": 1,
  "dependencies": {
    "accessible-nprogress": {
      "version": "2.0.0",
      "resolved": "https://registry.npmjs.org/accessible-nprogress/-/accessible-nprogress-2.0.0.tgz",
      "integrity": "sha512-gkw4XgSQ4xb/cw/JOGMXvS63pqnERqNnq18wvET/4turZjXQS8q4K3OFdfii3aTlECBHqobMvIG58R5cThgnaw=="
    },
    "chart.js": {
      "version": "2.7.3",
      "resolved": "https://registry.npmjs.org/chart.js/-/chart.js-2.7.3.tgz",
      "integrity": "sha512-3+7k/DbR92m6BsMUYP6M0dMsMVZpMnwkUyNSAbqolHKsbIzH2Q4LWVEHHYq7v0fmEV8whXE0DrjANulw9j2K5g==",
      "requires": {
        "chartjs-color": "2.2.0",
        "moment": "2.23.0"
      }
    },
    "chartjs-color": {
      "version": "2.2.0",
      "resolved": "https://registry.npmjs.org/chartjs-color/-/chartjs-color-2.2.0.tgz",
      "integrity": "sha1-hKL7dVeH7YXDndbdjHsdiEKbrq4=",
      "requires": {
        "chartjs-color-string": "0.5.0",
        "color-convert": "0.5.3"
      }
    },
    "chartjs-color-string": {
      "version": "0.5.0",
      "resolved": "https://registry.npmjs.org/chartjs-color-string/-/chartjs-color-string-0.5.0.tgz",
      "integrity": "sha512-amWNvCOXlOUYxZVDSa0YOab5K/lmEhbFNKI55PWc4mlv28BDzA7zaoQTGxSBgJMHIW+hGX8YUrvw/FH4LyhwSQ==",
      "requires": {
        "color-name": "1.1.4"
      }
    },
    "color-convert": {
      "version": "0.5.3",
      "resolved": "https://registry.npmjs.org/color-convert/-/color-convert-0.5.3.tgz",
      "integrity": "sha1-vbbGnOZg+t/+CwAHzER+G59ygr0="
    },
    "color-name": {
      "version": "1.1.4",
      "resolved": "https://registry.npmjs.org/color-name/-/color-name-1.1.4.tgz",
      "integrity": "sha512-dOy+3AuW3a2wNbZHIuMZpTcgjGuLU/uBL/ubcZF9OXbDo8ff4O8yVp5Bf0efS8uEoYo5q4Fx7dY9OgQGXgAsQA=="
    },
    "component-type": {
      "version": "1.2.1",
      "resolved": "https://registry.npmjs.org/component-type/-/component-type-1.2.1.tgz",
      "integrity": "sha1-ikeQFwAjjk/DIml3EjAibyS0Fak="
    },
    "eivindfjeldstad-dot": {
      "version": "0.0.1",
      "resolved": "https://registry.npmjs.org/eivindfjeldstad-dot/-/eivindfjeldstad-dot-0.0.1.tgz",
      "integrity": "sha1-IvyXa/rzBuCDmjHbjoITSA+vuJM="
    },
    "font-awesome": {
      "version": "4.7.0",
      "resolved": "https://registry.npmjs.org/font-awesome/-/font-awesome-4.7.0.tgz",
      "integrity": "sha1-j6jPBBGhoxr9B7BtKQK7n8gVoTM="
    },
    "froala-editor": {
      "version": "2.9.2",
      "resolved": "https://registry.npmjs.org/froala-editor/-/froala-editor-2.9.2.tgz",
      "integrity": "sha512-4S1x9upI6eyHgzEldt1KE6OajTtXfeT5oyK0egIDEV57oU9rYdOidHW16ViUx90/S3YKMqreq6bExXjmc585pw==",
      "requires": {
        "font-awesome": "4.7.0",
        "jquery": "3.3.1"
      }
    },
    "fullcalendar": {
      "version": "3.10.0",
      "resolved": "https://registry.npmjs.org/fullcalendar/-/fullcalendar-3.10.0.tgz",
      "integrity": "sha512-0OtsHhmdYhtFmQwXzyo8VqHzYgamg+zVOoytv5N13gI+iF6CGjevpCi/yBaQs0O4wY3OAp8I688IxdNYe0iAvw=="
    },
    "fullcalendar-scheduler": {
      "version": "1.9.4",
      "resolved": "https://registry.npmjs.org/fullcalendar-scheduler/-/fullcalendar-scheduler-1.9.4.tgz",
      "integrity": "sha512-QJ5p/qRnK+vuiNRTbsxKCytiCu2adUn1dSlRSlPSivR/FOUL4J5XQA/4o/h6YCpIMWnmLTXPOuyqBTbsG3ydyg==",
      "requires": {
        "fullcalendar": "3.9.0",
        "jquery": "3.3.1",
        "moment": "2.23.0"
      },
      "dependencies": {
        "fullcalendar": {
          "version": "3.9.0",
          "resolved": "https://registry.npmjs.org/fullcalendar/-/fullcalendar-3.9.0.tgz",
          "integrity": "sha512-bbALDK8+SBqluv8SKPDeVNtaSr87NYblte/pRgV5NnDJWCEARpRlQ1qQ/XEakcAXbMZov6rWYIvLOrtKwQo2Bg==",
          "requires": {
            "jquery": "3.3.1",
            "moment": "2.23.0"
          }
        }
      }
    },
    "hoek": {
      "version": "6.1.2",
      "resolved": "https://registry.npmjs.org/hoek/-/hoek-6.1.2.tgz",
      "integrity": "sha512-6qhh/wahGYZHFSFw12tBbJw5fsAhhwrrG/y3Cs0YMTv2WzMnL0oLPnQJjv1QJvEfylRSOFuP+xCu+tdx0tD16Q=="
    },
    "isemail": {
      "version": "3.2.0",
      "resolved": "https://registry.npmjs.org/isemail/-/isemail-3.2.0.tgz",
      "integrity": "sha512-zKqkK+O+dGqevc93KNsbZ/TqTUFd46MwWjYOoMrjIMZ51eU7DtQG3Wmd9SQQT7i7RVnuTPEiYEWHU3MSbxC1Tg==",
      "requires": {
        "punycode": "2.1.1"
      }
    },
    "jquery": {
      "version": "3.3.1",
      "resolved": "https://registry.npmjs.org/jquery/-/jquery-3.3.1.tgz",
      "integrity": "sha512-Ubldcmxp5np52/ENotGxlLe6aGMvmF4R8S6tZjsP6Knsaxd/xp3Zrh50cG93lR6nPXyUFwzN3ZSOQI0wRJNdGg=="
    },
    "jquery-easy-loading": {
      "version": "1.3.0",
      "resolved": "https://registry.npmjs.org/jquery-easy-loading/-/jquery-easy-loading-1.3.0.tgz",
      "integrity": "sha1-2aG9jbPr8CGNDd7x1GK7d0L5zEE="
    },
    "moment": {
      "version": "2.23.0",
      "resolved": "https://registry.npmjs.org/moment/-/moment-2.23.0.tgz",
      "integrity": "sha512-3IE39bHVqFbWWaPOMHZF98Q9c3LDKGTmypMiTM2QygGXXElkFWIH7GxfmlwmY2vwa+wmNsoYZmG2iusf1ZjJoA=="
    },
    "punycode": {
      "version": "2.1.1",
      "resolved": "https://registry.npmjs.org/punycode/-/punycode-2.1.1.tgz",
      "integrity": "sha512-XRsRjdf+j5ml+y/6GKHPZbrF/8p2Yga0JPtdqTIY2Xe5ohJPD9saDJJLPvp9+NSBprVvevdXZybnj2cv8OEd0A=="
    },
    "randomcolor": {
      "version": "0.5.3",
      "resolved": "https://registry.npmjs.org/randomcolor/-/randomcolor-0.5.3.tgz",
      "integrity": "sha1-f5Dy8qf21aUiMhYe6u6uqaw7WBU="
    },
    "topo": {
      "version": "3.0.3",
      "resolved": "https://registry.npmjs.org/topo/-/topo-3.0.3.tgz",
      "integrity": "sha512-IgpPtvD4kjrJ7CRA3ov2FhWQADwv+Tdqbsf1ZnPUSAtCJ9e1Z44MmoSGDXGk4IppoZA7jd/QRkNddlLJWlUZsQ==",
      "requires": {
        "hoek": "6.1.2"
      }
    },
    "toprogress": {
      "version": "0.1.3",
      "resolved": "https://registry.npmjs.org/toprogress/-/toprogress-0.1.3.tgz",
      "integrity": "sha1-4fycAy00XmyHGtr9PAmbImiQqoU="
    },
    "typecast": {
      "version": "0.0.1",
      "resolved": "https://registry.npmjs.org/typecast/-/typecast-0.0.1.tgz",
      "integrity": "sha1-//t13La98d744pO2tuiT1sHtGd4="
    },
    "validator": {
      "version": "10.11.0",
      "resolved": "https://registry.npmjs.org/validator/-/validator-10.11.0.tgz",
      "integrity": "sha512-X/p3UZerAIsbBfN/IwahhYaBbY68EN/UQBWHtsbXGT5bfrH/p4NQzUCG1kF/rtKaNpnJ7jAu6NGTdSNtyNIXMw=="
    }
  }
}
